
Microsoft Visual Studio Solution File, Format Version 12.00
# Visual Studio 2012
Project("{FAE04EC0-301F-11D3-BF4B-00C04F79EFBC}") = "GlobalTrack", "GlobalTrack\GlobalTrack.csproj", "{804005EF-6D56-4A1D-8A5B-557A265CEDA6}"
EndProject
Project("{FAE04EC0-301F-11D3-BF4B-00C04F79EFBC}") = "GlobalTrack.Tests", "GlobalTrack.Tests\GlobalTrack.Tests.csproj", "{4E0736E0-F9C5-4EC0-813F-598A6C19CAFC}"
EndProject
Project("{FAE04EC0-301F-11D3-BF4B-00C04F79EFBC}") = "GlobalTrackService", "GlobalTrackService\GlobalTrackService.csproj", "{AF96C956-C4BD-46CE-8CBC-AA53FE745BDC}"
EndProject
Project("{FAE04EC0-301F-11D3-BF4B-00C04F79EFBC}") = "GlobalTrackDesktop", "GlobalTrackDesktop\GlobalTrackDesktop.csproj", "{5FD84597-3333-4A14-96DE-D98ED4C09F21}"
	ProjectSection(ProjectDependencies) = postProject
		{AF96C956-C4BD-46CE-8CBC-AA53FE745BDC} = {AF96C956-C4BD-46CE-8CBC-AA53FE745BDC}
	EndProjectSection
EndProject
Project("{2150E333-8FDC-42A3-9474-1A3956D46DE8}") = "ServerDataModel", "ServerDataModel", "{175FEE3A-4CE3-4D9D-9FEB-B09D8834C10B}"
EndProject
Project("{FAE04EC0-301F-11D3-BF4B-00C04F79EFBC}") = "ServerDataModel", "ServerDataModel\ServerDataModel.csproj", "{CFC63571-0F05-489A-8AD9-5F656D64B2E1}"
EndProject
Project("{2150E333-8FDC-42A3-9474-1A3956D46DE8}") = "ClientDataModel", "ClientDataModel", "{CAE8D8B2-AE13-4B0E-A4AA-30153D1DAE65}"
EndProject
Project("{FAE04EC0-301F-11D3-BF4B-00C04F79EFBC}") = "ClientDataModel", "ClientDataModel\ClientDataModel.csproj", "{AD8943CA-2518-4DCA-9140-79BAA8804C7E}"
EndProject
Project("{2150E333-8FDC-42A3-9474-1A3956D46DE8}") = "Desktop", "Desktop", "{07F62962-B48D-4570-8D9B-5716D327E569}"
EndProject
Project("{2150E333-8FDC-42A3-9474-1A3956D46DE8}") = "Web", "Web", "{2273F780-35EA-4E16-AE19-F2439F8971B7}"
EndProject
Project("{6141683F-8A12-4E36-9623-2EB02B2C2303}") = "GlobalTrackDesktopSetup", "GlobalTrackDesktopSetup\GlobalTrackDesktopSetup.isproj", "{0DE26BFB-A955-4DF3-81E5-8F91FB7D3497}"
	ProjectSection(ProjectDependencies) = postProject
		{5FD84597-3333-4A14-96DE-D98ED4C09F21} = {5FD84597-3333-4A14-96DE-D98ED4C09F21}
		{AD8943CA-2518-4DCA-9140-79BAA8804C7E} = {AD8943CA-2518-4DCA-9140-79BAA8804C7E}
	EndProjectSection
EndProject
Project("{2150E333-8FDC-42A3-9474-1A3956D46DE8}") = "Utilities", "Utilities", "{218EB754-AF3D-4795-B821-6228B9AC2FD0}"
EndProject
Project("{FAE04EC0-301F-11D3-BF4B-00C04F79EFBC}") = "Utilities", "Utilities\Utilities.csproj", "{E6972B8A-ED89-4ED0-ACEF-147E8336FC92}"
EndProject
Global
	GlobalSection(SolutionConfigurationPlatforms) = preSolution
		CD_ROM|Any CPU = CD_ROM|Any CPU
		Debug|Any CPU = Debug|Any CPU
		DVD-5|Any CPU = DVD-5|Any CPU
		Release|Any CPU = Release|Any CPU
		SingleImage|Any CPU = SingleImage|Any CPU
	EndGlobalSection
	GlobalSection(ProjectConfigurationPlatforms) = postSolution
		{804005EF-6D56-4A1D-8A5B-557A265CEDA6}.CD_ROM|Any CPU.ActiveCfg = Release|Any CPU
		{804005EF-6D56-4A1D-8A5B-557A265CEDA6}.CD_ROM|Any CPU.Build.0 = Release|Any CPU
		{804005EF-6D56-4A1D-8A5B-557A265CEDA6}.Debug|Any CPU.ActiveCfg = Debug|Any CPU
		{804005EF-6D56-4A1D-8A5B-557A265CEDA6}.Debug|Any CPU.Build.0 = Debug|Any CPU
		{804005EF-6D56-4A1D-8A5B-557A265CEDA6}.DVD-5|Any CPU.ActiveCfg = Debug|Any CPU
		{804005EF-6D56-4A1D-8A5B-557A265CEDA6}.DVD-5|Any CPU.Build.0 = Debug|Any CPU
		{804005EF-6D56-4A1D-8A5B-557A265CEDA6}.Release|Any CPU.ActiveCfg = Release|Any CPU
		{804005EF-6D56-4A1D-8A5B-557A265CEDA6}.Release|Any CPU.Build.0 = Release|Any CPU
		{804005EF-6D56-4A1D-8A5B-557A265CEDA6}.SingleImage|Any CPU.ActiveCfg = Release|Any CPU
		{804005EF-6D56-4A1D-8A5B-557A265CEDA6}.SingleImage|Any CPU.Build.0 = Release|Any CPU
		{4E0736E0-F9C5-4EC0-813F-598A6C19CAFC}.CD_ROM|Any CPU.ActiveCfg = Release|Any CPU
		{4E0736E0-F9C5-4EC0-813F-598A6C19CAFC}.CD_ROM|Any CPU.Build.0 = Release|Any CPU
		{4E0736E0-F9C5-4EC0-813F-598A6C19CAFC}.Debug|Any CPU.ActiveCfg = Debug|Any CPU
		{4E0736E0-F9C5-4EC0-813F-598A6C19CAFC}.Debug|Any CPU.Build.0 = Debug|Any CPU
		{4E0736E0-F9C5-4EC0-813F-598A6C19CAFC}.DVD-5|Any CPU.ActiveCfg = Debug|Any CPU
		{4E0736E0-F9C5-4EC0-813F-598A6C19CAFC}.DVD-5|Any CPU.Build.0 = Debug|Any CPU
		{4E0736E0-F9C5-4EC0-813F-598A6C19CAFC}.Release|Any CPU.ActiveCfg = Release|Any CPU
		{4E0736E0-F9C5-4EC0-813F-598A6C19CAFC}.Release|Any CPU.Build.0 = Release|Any CPU
		{4E0736E0-F9C5-4EC0-813F-598A6C19CAFC}.SingleImage|Any CPU.ActiveCfg = Release|Any CPU
		{4E0736E0-F9C5-4EC0-813F-598A6C19CAFC}.SingleImage|Any CPU.Build.0 = Release|Any CPU
		{AF96C956-C4BD-46CE-8CBC-AA53FE745BDC}.CD_ROM|Any CPU.ActiveCfg = Release|Any CPU
		{AF96C956-C4BD-46CE-8CBC-AA53FE745BDC}.CD_ROM|Any CPU.Build.0 = Release|Any CPU
		{AF96C956-C4BD-46CE-8CBC-AA53FE745BDC}.Debug|Any CPU.ActiveCfg = Debug|Any CPU
		{AF96C956-C4BD-46CE-8CBC-AA53FE745BDC}.Debug|Any CPU.Build.0 = Debug|Any CPU
		{AF96C956-C4BD-46CE-8CBC-AA53FE745BDC}.DVD-5|Any CPU.ActiveCfg = Debug|Any CPU
		{AF96C956-C4BD-46CE-8CBC-AA53FE745BDC}.DVD-5|Any CPU.Build.0 = Debug|Any CPU
		{AF96C956-C4BD-46CE-8CBC-AA53FE745BDC}.Release|Any CPU.ActiveCfg = Release|Any CPU
		{AF96C956-C4BD-46CE-8CBC-AA53FE745BDC}.Release|Any CPU.Build.0 = Release|Any CPU
		{AF96C956-C4BD-46CE-8CBC-AA53FE745BDC}.SingleImage|Any CPU.ActiveCfg = Release|Any CPU
		{AF96C956-C4BD-46CE-8CBC-AA53FE745BDC}.SingleImage|Any CPU.Build.0 = Release|Any CPU
		{5FD84597-3333-4A14-96DE-D98ED4C09F21}.CD_ROM|Any CPU.ActiveCfg = Release|Any CPU
		{5FD84597-3333-4A14-96DE-D98ED4C09F21}.CD_ROM|Any CPU.Build.0 = Release|Any CPU
		{5FD84597-3333-4A14-96DE-D98ED4C09F21}.Debug|Any CPU.ActiveCfg = Debug|Any CPU
		{5FD84597-3333-4A14-96DE-D98ED4C09F21}.Debug|Any CPU.Build.0 = Debug|Any CPU
		{5FD84597-3333-4A14-96DE-D98ED4C09F21}.DVD-5|Any CPU.ActiveCfg = Debug|Any CPU
		{5FD84597-3333-4A14-96DE-D98ED4C09F21}.DVD-5|Any CPU.Build.0 = Debug|Any CPU
		{5FD84597-3333-4A14-96DE-D98ED4C09F21}.Release|Any CPU.ActiveCfg = Release|Any CPU
		{5FD84597-3333-4A14-96DE-D98ED4C09F21}.Release|Any CPU.Build.0 = Release|Any CPU
		{5FD84597-3333-4A14-96DE-D98ED4C09F21}.SingleImage|Any CPU.ActiveCfg = Release|Any CPU
		{5FD84597-3333-4A14-96DE-D98ED4C09F21}.SingleImage|Any CPU.Build.0 = Release|Any CPU
		{CFC63571-0F05-489A-8AD9-5F656D64B2E1}.CD_ROM|Any CPU.ActiveCfg = Release|Any CPU
		{CFC63571-0F05-489A-8AD9-5F656D64B2E1}.CD_ROM|Any CPU.Build.0 = Release|Any CPU
		{CFC63571-0F05-489A-8AD9-5F656D64B2E1}.Debug|Any CPU.ActiveCfg = Debug|Any CPU
		{CFC63571-0F05-489A-8AD9-5F656D64B2E1}.Debug|Any CPU.Build.0 = Debug|Any CPU
		{CFC63571-0F05-489A-8AD9-5F656D64B2E1}.DVD-5|Any CPU.ActiveCfg = Debug|Any CPU
		{CFC63571-0F05-489A-8AD9-5F656D64B2E1}.DVD-5|Any CPU.Build.0 = Debug|Any CPU
		{CFC63571-0F05-489A-8AD9-5F656D64B2E1}.Release|Any CPU.ActiveCfg = Release|Any CPU
		{CFC63571-0F05-489A-8AD9-5F656D64B2E1}.Release|Any CPU.Build.0 = Release|Any CPU
		{CFC63571-0F05-489A-8AD9-5F656D64B2E1}.SingleImage|Any CPU.ActiveCfg = Release|Any CPU
		{CFC63571-0F05-489A-8AD9-5F656D64B2E1}.SingleImage|Any CPU.Build.0 = Release|Any CPU
		{AD8943CA-2518-4DCA-9140-79BAA8804C7E}.CD_ROM|Any CPU.ActiveCfg = Release|Any CPU
		{AD8943CA-2518-4DCA-9140-79BAA8804C7E}.CD_ROM|Any CPU.Build.0 = Release|Any CPU
		{AD8943CA-2518-4DCA-9140-79BAA8804C7E}.Debug|Any CPU.ActiveCfg = Debug|Any CPU
		{AD8943CA-2518-4DCA-9140-79BAA8804C7E}.Debug|Any CPU.Build.0 = Debug|Any CPU
		{AD8943CA-2518-4DCA-9140-79BAA8804C7E}.DVD-5|Any CPU.ActiveCfg = Debug|Any CPU
		{AD8943CA-2518-4DCA-9140-79BAA8804C7E}.DVD-5|Any CPU.Build.0 = Debug|Any CPU
		{AD8943CA-2518-4DCA-9140-79BAA8804C7E}.Release|Any CPU.ActiveCfg = Release|Any CPU
		{AD8943CA-2518-4DCA-9140-79BAA8804C7E}.Release|Any CPU.Build.0 = Release|Any CPU
		{AD8943CA-2518-4DCA-9140-79BAA8804C7E}.SingleImage|Any CPU.ActiveCfg = Release|Any CPU
		{AD8943CA-2518-4DCA-9140-79BAA8804C7E}.SingleImage|Any CPU.Build.0 = Release|Any CPU
		{0DE26BFB-A955-4DF3-81E5-8F91FB7D3497}.CD_ROM|Any CPU.ActiveCfg = CD_ROM
		{0DE26BFB-A955-4DF3-81E5-8F91FB7D3497}.CD_ROM|Any CPU.Build.0 = CD_ROM
		{0DE26BFB-A955-4DF3-81E5-8F91FB7D3497}.Debug|Any CPU.ActiveCfg = DVD-5
		{0DE26BFB-A955-4DF3-81E5-8F91FB7D3497}.Debug|Any CPU.Build.0 = DVD-5
		{0DE26BFB-A955-4DF3-81E5-8F91FB7D3497}.DVD-5|Any CPU.ActiveCfg = DVD-5
		{0DE26BFB-A955-4DF3-81E5-8F91FB7D3497}.DVD-5|Any CPU.Build.0 = DVD-5
		{0DE26BFB-A955-4DF3-81E5-8F91FB7D3497}.Release|Any CPU.ActiveCfg = SingleImage
		{0DE26BFB-A955-4DF3-81E5-8F91FB7D3497}.Release|Any CPU.Build.0 = SingleImage
		{0DE26BFB-A955-4DF3-81E5-8F91FB7D3497}.SingleImage|Any CPU.ActiveCfg = SingleImage
		{0DE26BFB-A955-4DF3-81E5-8F91FB7D3497}.SingleImage|Any CPU.Build.0 = SingleImage
		{E6972B8A-ED89-4ED0-ACEF-147E8336FC92}.CD_ROM|Any CPU.ActiveCfg = Release|Any CPU
		{E6972B8A-ED89-4ED0-ACEF-147E8336FC92}.CD_ROM|Any CPU.Build.0 = Release|Any CPU
		{E6972B8A-ED89-4ED0-ACEF-147E8336FC92}.Debug|Any CPU.ActiveCfg = Debug|Any CPU
		{E6972B8A-ED89-4ED0-ACEF-147E8336FC92}.Debug|Any CPU.Build.0 = Debug|Any CPU
		{E6972B8A-ED89-4ED0-ACEF-147E8336FC92}.DVD-5|Any CPU.ActiveCfg = Debug|Any CPU
		{E6972B8A-ED89-4ED0-ACEF-147E8336FC92}.DVD-5|Any CPU.Build.0 = Debug|Any CPU
		{E6972B8A-ED89-4ED0-ACEF-147E8336FC92}.Release|Any CPU.ActiveCfg = Release|Any CPU
		{E6972B8A-ED89-4ED0-ACEF-147E8336FC92}.Release|Any CPU.Build.0 = Release|Any CPU
		{E6972B8A-ED89-4ED0-ACEF-147E8336FC92}.SingleImage|Any CPU.ActiveCfg = Release|Any CPU
		{E6972B8A-ED89-4ED0-ACEF-147E8336FC92}.SingleImage|Any CPU.Build.0 = Release|Any CPU
	EndGlobalSection
	GlobalSection(SolutionProperties) = preSolution
		HideSolutionNode = FALSE
	EndGlobalSection
	GlobalSection(NestedProjects) = preSolution
		{4E0736E0-F9C5-4EC0-813F-598A6C19CAFC} = {2273F780-35EA-4E16-AE19-F2439F8971B7}
		{AF96C956-C4BD-46CE-8CBC-AA53FE745BDC} = {2273F780-35EA-4E16-AE19-F2439F8971B7}
		{804005EF-6D56-4A1D-8A5B-557A265CEDA6} = {2273F780-35EA-4E16-AE19-F2439F8971B7}
		{218EB754-AF3D-4795-B821-6228B9AC2FD0} = {2273F780-35EA-4E16-AE19-F2439F8971B7}
		{5FD84597-3333-4A14-96DE-D98ED4C09F21} = {07F62962-B48D-4570-8D9B-5716D327E569}
		{0DE26BFB-A955-4DF3-81E5-8F91FB7D3497} = {07F62962-B48D-4570-8D9B-5716D327E569}
		{CFC63571-0F05-489A-8AD9-5F656D64B2E1} = {175FEE3A-4CE3-4D9D-9FEB-B09D8834C10B}
		{AD8943CA-2518-4DCA-9140-79BAA8804C7E} = {CAE8D8B2-AE13-4B0E-A4AA-30153D1DAE65}
		{E6972B8A-ED89-4ED0-ACEF-147E8336FC92} = {218EB754-AF3D-4795-B821-6228B9AC2FD0}
	EndGlobalSection
EndGlobal
